
Microsoft Visual Studio Solution File, Format Version 12.00
# Visual Studio Version 17
VisualStudioVersion = 17.4.33403.182
MinimumVisualStudioVersion = 10.0.40219.1
Project("{FAE04EC0-301F-11D3-BF4B-00C04F79EFBC}") = "jwLogbook", "jwLogbook.csproj", "{4B702F99-FD80-4B77-8B4B-71648887F961}"
EndProject
Global
	GlobalSection(SolutionConfigurationPlatforms) = preSolution
		Debug|Any CPU = Debug|Any CPU
		Release|Any CPU = Release|Any CPU
	EndGlobalSection
	GlobalSection(ProjectConfigurationPlatforms) = postSolution
		{4B702F99-FD80-4B77-8B4B-71648887F961}.Debug|Any CPU.ActiveCfg = Debug|Any CPU
		{4B702F99-FD80-4B77-8B4B-71648887F961}.Debug|Any CPU.Build.0 = Debug|Any CPU
		{4B702F99-FD80-4B77-8B4B-71648887F961}.Release|Any CPU.ActiveCfg = Release|Any CPU
		{4B702F99-FD80-4B77-8B4B-71648887F961}.Release|Any CPU.Build.0 = Release|Any CPU
	EndGlobalSection
	GlobalSection(SolutionProperties) = preSolution
		HideSolutionNode = FALSE
	EndGlobalSection
	GlobalSection(ExtensibilityGlobals) = postSolution
		SolutionGuid = {4F2806DA-7C66-49C7-A5B9-4EDC9B14704E}
	EndGlobalSection
EndGlobal
